// !$*UTF8*$!
{
	archiveVersion = 1;
	classes = {
	};
	objectVersion = 56;
	objects = {

/* Begin PBXBuildFile section */
		287AC069297D89970003A0B7 /* Article.swift in Sources */ = {isa = PBXBuildFile; fileRef = 287AC068297D89970003A0B7 /* Article.swift */; };
		287AC06E297D8AE50003A0B7 /* SDAPI.swift in Sources */ = {isa = PBXBuildFile; fileRef = 287AC06D297D8AE50003A0B7 /* SDAPI.swift */; };
		287AC073297DA0F30003A0B7 /* SDError.swift in Sources */ = {isa = PBXBuildFile; fileRef = 287AC072297DA0F30003A0B7 /* SDError.swift */; };
		287AC076297DA13D0003A0B7 /* SDStrings.swift in Sources */ = {isa = PBXBuildFile; fileRef = 287AC075297DA13D0003A0B7 /* SDStrings.swift */; };
		287AC078297DA1FC0003A0B7 /* SDError+API.swift in Sources */ = {isa = PBXBuildFile; fileRef = 287AC077297DA1FC0003A0B7 /* SDError+API.swift */; };
		28B78CA4297DBB53009ACF1F /* MockAPIClient.swift in Sources */ = {isa = PBXBuildFile; fileRef = 28B78CA3297DBB53009ACF1F /* MockAPIClient.swift */; };
		28B78CA6297DBBED009ACF1F /* JsonHelper.swift in Sources */ = {isa = PBXBuildFile; fileRef = 28B78CA5297DBBED009ACF1F /* JsonHelper.swift */; };
		28B78CA9297DBC67009ACF1F /* articles_list.json in Resources */ = {isa = PBXBuildFile; fileRef = 28B78CA8297DBC67009ACF1F /* articles_list.json */; };
		28B78CAB297DBE98009ACF1F /* ApiTest.swift in Sources */ = {isa = PBXBuildFile; fileRef = 28B78CAA297DBE98009ACF1F /* ApiTest.swift */; };
		28B78CB0297DD268009ACF1F /* ArticlesListViewModel.swift in Sources */ = {isa = PBXBuildFile; fileRef = 28B78CAF297DD268009ACF1F /* ArticlesListViewModel.swift */; };
		28B78CB3297DF659009ACF1F /* DateFormats.swift in Sources */ = {isa = PBXBuildFile; fileRef = 28B78CB2297DF659009ACF1F /* DateFormats.swift */; };
		28B78CB5297ED83F009ACF1F /* UnexpectedCodePath.swift in Sources */ = {isa = PBXBuildFile; fileRef = 28B78CB4297ED83F009ACF1F /* UnexpectedCodePath.swift */; };
		28B78CB8297EDD75009ACF1F /* SDAPI+ArticlesList.swift in Sources */ = {isa = PBXBuildFile; fileRef = 28B78CB7297EDD75009ACF1F /* SDAPI+ArticlesList.swift */; };
		28B78CBA297EF5C7009ACF1F /* APIClient.swift in Sources */ = {isa = PBXBuildFile; fileRef = 28B78CB9297EF5C7009ACF1F /* APIClient.swift */; };
		28B78CBC297EF5FF009ACF1F /* APIClient+ErrorMapping.swift in Sources */ = {isa = PBXBuildFile; fileRef = 28B78CBB297EF5FF009ACF1F /* APIClient+ErrorMapping.swift */; };
		28B78CBF297EF65C009ACF1F /* HTTPStatusCode.swift in Sources */ = {isa = PBXBuildFile; fileRef = 28B78CBE297EF65C009ACF1F /* HTTPStatusCode.swift */; };
		28B78CC2297F1363009ACF1F /* ViewModelFactory.swift in Sources */ = {isa = PBXBuildFile; fileRef = 28B78CC1297F1363009ACF1F /* ViewModelFactory.swift */; };
		28B78CC5297F145B009ACF1F /* AlertViewModel.swift in Sources */ = {isa = PBXBuildFile; fileRef = 28B78CC4297F145B009ACF1F /* AlertViewModel.swift */; };
		28B78CC7297F1464009ACF1F /* BaseViewModel.swift in Sources */ = {isa = PBXBuildFile; fileRef = 28B78CC6297F1464009ACF1F /* BaseViewModel.swift */; };
		28B78CC9297F1491009ACF1F /* ErrorLogger.swift in Sources */ = {isa = PBXBuildFile; fileRef = 28B78CC8297F1491009ACF1F /* ErrorLogger.swift */; };
		28B78CCB297F30C4009ACF1F /* AcessibilityIdentifiers.swift in Sources */ = {isa = PBXBuildFile; fileRef = 28B78CCA297F30C4009ACF1F /* AcessibilityIdentifiers.swift */; };
		28DAB4DA297AE8E2007B75BA /* SportDemoApp.swift in Sources */ = {isa = PBXBuildFile; fileRef = 28DAB4D9297AE8E2007B75BA /* SportDemoApp.swift */; };
		28DAB4DC297AE8E2007B75BA /* ArticlesListView.swift in Sources */ = {isa = PBXBuildFile; fileRef = 28DAB4DB297AE8E2007B75BA /* ArticlesListView.swift */; };
		28DAB4DE297AE8E3007B75BA /* Assets.xcassets in Resources */ = {isa = PBXBuildFile; fileRef = 28DAB4DD297AE8E3007B75BA /* Assets.xcassets */; };
		28DAB4E2297AE8E3007B75BA /* Preview Assets.xcassets in Resources */ = {isa = PBXBuildFile; fileRef = 28DAB4E1297AE8E3007B75BA /* Preview Assets.xcassets */; };
		28DAB4EC297AE8E4007B75BA /* SportDemoTests.swift in Sources */ = {isa = PBXBuildFile; fileRef = 28DAB4EB297AE8E4007B75BA /* SportDemoTests.swift */; };
		28DAB4F6297AE8E4007B75BA /* SportDemoUITests.swift in Sources */ = {isa = PBXBuildFile; fileRef = 28DAB4F5297AE8E4007B75BA /* SportDemoUITests.swift */; };
		28DAB4F8297AE8E4007B75BA /* SportDemoUITestsLaunchTests.swift in Sources */ = {isa = PBXBuildFile; fileRef = 28DAB4F7297AE8E4007B75BA /* SportDemoUITestsLaunchTests.swift */; };
/* End PBXBuildFile section */

/* Begin PBXContainerItemProxy section */
		28DAB4E8297AE8E4007B75BA /* PBXContainerItemProxy */ = {
			isa = PBXContainerItemProxy;
			containerPortal = 28DAB4CE297AE8E2007B75BA /* Project object */;
			proxyType = 1;
			remoteGlobalIDString = 28DAB4D5297AE8E2007B75BA;
			remoteInfo = SportDemo;
		};
		28DAB4F2297AE8E4007B75BA /* PBXContainerItemProxy */ = {
			isa = PBXContainerItemProxy;
			containerPortal = 28DAB4CE297AE8E2007B75BA /* Project object */;
			proxyType = 1;
			remoteGlobalIDString = 28DAB4D5297AE8E2007B75BA;
			remoteInfo = SportDemo;
		};
/* End PBXContainerItemProxy section */

/* Begin PBXFileReference section */
		287AC068297D89970003A0B7 /* Article.swift */ = {isa = PBXFileReference; lastKnownFileType = sourcecode.swift; path = Article.swift; sourceTree = "<group>"; };
		287AC06D297D8AE50003A0B7 /* SDAPI.swift */ = {isa = PBXFileReference; lastKnownFileType = sourcecode.swift; path = SDAPI.swift; sourceTree = "<group>"; };
		287AC072297DA0F30003A0B7 /* SDError.swift */ = {isa = PBXFileReference; lastKnownFileType = sourcecode.swift; path = SDError.swift; sourceTree = "<group>"; };
		287AC075297DA13D0003A0B7 /* SDStrings.swift */ = {isa = PBXFileReference; lastKnownFileType = sourcecode.swift; path = SDStrings.swift; sourceTree = "<group>"; };
		287AC077297DA1FC0003A0B7 /* SDError+API.swift */ = {isa = PBXFileReference; lastKnownFileType = sourcecode.swift; path = "SDError+API.swift"; sourceTree = "<group>"; };
		28B78CA3297DBB53009ACF1F /* MockAPIClient.swift */ = {isa = PBXFileReference; lastKnownFileType = sourcecode.swift; path = MockAPIClient.swift; sourceTree = "<group>"; };
		28B78CA5297DBBED009ACF1F /* JsonHelper.swift */ = {isa = PBXFileReference; lastKnownFileType = sourcecode.swift; path = JsonHelper.swift; sourceTree = "<group>"; };
		28B78CA8297DBC67009ACF1F /* articles_list.json */ = {isa = PBXFileReference; lastKnownFileType = text.json; path = articles_list.json; sourceTree = "<group>"; };
		28B78CAA297DBE98009ACF1F /* ApiTest.swift */ = {isa = PBXFileReference; lastKnownFileType = sourcecode.swift; path = ApiTest.swift; sourceTree = "<group>"; };
		28B78CAF297DD268009ACF1F /* ArticlesListViewModel.swift */ = {isa = PBXFileReference; lastKnownFileType = sourcecode.swift; path = ArticlesListViewModel.swift; sourceTree = "<group>"; };
		28B78CB2297DF659009ACF1F /* DateFormats.swift */ = {isa = PBXFileReference; lastKnownFileType = sourcecode.swift; path = DateFormats.swift; sourceTree = "<group>"; };
		28B78CB4297ED83F009ACF1F /* UnexpectedCodePath.swift */ = {isa = PBXFileReference; lastKnownFileType = sourcecode.swift; path = UnexpectedCodePath.swift; sourceTree = "<group>"; };
		28B78CB7297EDD75009ACF1F /* SDAPI+ArticlesList.swift */ = {isa = PBXFileReference; lastKnownFileType = sourcecode.swift; path = "SDAPI+ArticlesList.swift"; sourceTree = "<group>"; };
		28B78CB9297EF5C7009ACF1F /* APIClient.swift */ = {isa = PBXFileReference; lastKnownFileType = sourcecode.swift; path = APIClient.swift; sourceTree = "<group>"; };
		28B78CBB297EF5FF009ACF1F /* APIClient+ErrorMapping.swift */ = {isa = PBXFileReference; lastKnownFileType = sourcecode.swift; path = "APIClient+ErrorMapping.swift"; sourceTree = "<group>"; };
		28B78CBE297EF65C009ACF1F /* HTTPStatusCode.swift */ = {isa = PBXFileReference; lastKnownFileType = sourcecode.swift; path = HTTPStatusCode.swift; sourceTree = "<group>"; };
		28B78CC1297F1363009ACF1F /* ViewModelFactory.swift */ = {isa = PBXFileReference; lastKnownFileType = sourcecode.swift; path = ViewModelFactory.swift; sourceTree = "<group>"; };
		28B78CC4297F145B009ACF1F /* AlertViewModel.swift */ = {isa = PBXFileReference; lastKnownFileType = sourcecode.swift; path = AlertViewModel.swift; sourceTree = "<group>"; };
		28B78CC6297F1464009ACF1F /* BaseViewModel.swift */ = {isa = PBXFileReference; lastKnownFileType = sourcecode.swift; path = BaseViewModel.swift; sourceTree = "<group>"; };
		28B78CC8297F1491009ACF1F /* ErrorLogger.swift */ = {isa = PBXFileReference; lastKnownFileType = sourcecode.swift; path = ErrorLogger.swift; sourceTree = "<group>"; };
		28B78CCA297F30C4009ACF1F /* AcessibilityIdentifiers.swift */ = {isa = PBXFileReference; lastKnownFileType = sourcecode.swift; path = AcessibilityIdentifiers.swift; sourceTree = "<group>"; };
		28DAB4D6297AE8E2007B75BA /* SportDemo.app */ = {isa = PBXFileReference; explicitFileType = wrapper.application; includeInIndex = 0; path = SportDemo.app; sourceTree = BUILT_PRODUCTS_DIR; };
		28DAB4D9297AE8E2007B75BA /* SportDemoApp.swift */ = {isa = PBXFileReference; lastKnownFileType = sourcecode.swift; path = SportDemoApp.swift; sourceTree = "<group>"; };
		28DAB4DB297AE8E2007B75BA /* ArticlesListView.swift */ = {isa = PBXFileReference; lastKnownFileType = sourcecode.swift; path = ArticlesListView.swift; sourceTree = "<group>"; };
		28DAB4DD297AE8E3007B75BA /* Assets.xcassets */ = {isa = PBXFileReference; lastKnownFileType = folder.assetcatalog; path = Assets.xcassets; sourceTree = "<group>"; };
		28DAB4DF297AE8E3007B75BA /* SportDemo.entitlements */ = {isa = PBXFileReference; lastKnownFileType = text.plist.entitlements; path = SportDemo.entitlements; sourceTree = "<group>"; };
		28DAB4E1297AE8E3007B75BA /* Preview Assets.xcassets */ = {isa = PBXFileReference; lastKnownFileType = folder.assetcatalog; path = "Preview Assets.xcassets"; sourceTree = "<group>"; };
		28DAB4E7297AE8E4007B75BA /* SportDemoTests.xctest */ = {isa = PBXFileReference; explicitFileType = wrapper.cfbundle; includeInIndex = 0; path = SportDemoTests.xctest; sourceTree = BUILT_PRODUCTS_DIR; };
		28DAB4EB297AE8E4007B75BA /* SportDemoTests.swift */ = {isa = PBXFileReference; lastKnownFileType = sourcecode.swift; path = SportDemoTests.swift; sourceTree = "<group>"; };
		28DAB4F1297AE8E4007B75BA /* SportDemoUITests.xctest */ = {isa = PBXFileReference; explicitFileType = wrapper.cfbundle; includeInIndex = 0; path = SportDemoUITests.xctest; sourceTree = BUILT_PRODUCTS_DIR; };
		28DAB4F5297AE8E4007B75BA /* SportDemoUITests.swift */ = {isa = PBXFileReference; lastKnownFileType = sourcecode.swift; path = SportDemoUITests.swift; sourceTree = "<group>"; };
		28DAB4F7297AE8E4007B75BA /* SportDemoUITestsLaunchTests.swift */ = {isa = PBXFileReference; lastKnownFileType = sourcecode.swift; path = SportDemoUITestsLaunchTests.swift; sourceTree = "<group>"; };
/* End PBXFileReference section */

/* Begin PBXFrameworksBuildPhase section */
		28DAB4D3297AE8E2007B75BA /* Frameworks */ = {
			isa = PBXFrameworksBuildPhase;
			buildActionMask = 2147483647;
			files = (
			);
			runOnlyForDeploymentPostprocessing = 0;
		};
		28DAB4E4297AE8E4007B75BA /* Frameworks */ = {
			isa = PBXFrameworksBuildPhase;
			buildActionMask = 2147483647;
			files = (
			);
			runOnlyForDeploymentPostprocessing = 0;
		};
		28DAB4EE297AE8E4007B75BA /* Frameworks */ = {
			isa = PBXFrameworksBuildPhase;
			buildActionMask = 2147483647;
			files = (
			);
			runOnlyForDeploymentPostprocessing = 0;
		};
/* End PBXFrameworksBuildPhase section */

/* Begin PBXGroup section */
		287AC067297D88EE0003A0B7 /* Data Layer */ = {
			isa = PBXGroup;
			children = (
				287AC06B297D89B10003A0B7 /* Models */,
				287AC06C297D89B80003A0B7 /* Network Layer */,
			);
			path = "Data Layer";
			sourceTree = "<group>";
		};
		287AC06A297D899C0003A0B7 /* APIClient */ = {
			isa = PBXGroup;
			children = (
				28B78CB9297EF5C7009ACF1F /* APIClient.swift */,
				28B78CBB297EF5FF009ACF1F /* APIClient+ErrorMapping.swift */,
			);
			path = APIClient;
			sourceTree = "<group>";
		};
		287AC06B297D89B10003A0B7 /* Models */ = {
			isa = PBXGroup;
			children = (
				287AC068297D89970003A0B7 /* Article.swift */,
			);
			path = Models;
			sourceTree = "<group>";
		};
		287AC06C297D89B80003A0B7 /* Network Layer */ = {
			isa = PBXGroup;
			children = (
				28B78CB6297EDD5F009ACF1F /* API */,
				287AC06A297D899C0003A0B7 /* APIClient */,
				28B78CA2297DBB30009ACF1F /* MockAPIClient */,
			);
			path = "Network Layer";
			sourceTree = "<group>";
		};
		287AC071297DA0A60003A0B7 /* Error Handling */ = {
			isa = PBXGroup;
			children = (
				287AC072297DA0F30003A0B7 /* SDError.swift */,
				287AC077297DA1FC0003A0B7 /* SDError+API.swift */,
			);
			path = "Error Handling";
			sourceTree = "<group>";
		};
		287AC074297DA1310003A0B7 /* Utility */ = {
			isa = PBXGroup;
			children = (
				287AC075297DA13D0003A0B7 /* SDStrings.swift */,
				28B78CA5297DBBED009ACF1F /* JsonHelper.swift */,
				28B78CB2297DF659009ACF1F /* DateFormats.swift */,
				28B78CB4297ED83F009ACF1F /* UnexpectedCodePath.swift */,
				28B78CC8297F1491009ACF1F /* ErrorLogger.swift */,
				28B78CCA297F30C4009ACF1F /* AcessibilityIdentifiers.swift */,
			);
			path = Utility;
			sourceTree = "<group>";
		};
		28B78CA2297DBB30009ACF1F /* MockAPIClient */ = {
			isa = PBXGroup;
			children = (
				28B78CA3297DBB53009ACF1F /* MockAPIClient.swift */,
				28B78CA7297DBBF7009ACF1F /* Mock Json */,
			);
			path = MockAPIClient;
			sourceTree = "<group>";
		};
		28B78CA7297DBBF7009ACF1F /* Mock Json */ = {
			isa = PBXGroup;
			children = (
				28B78CA8297DBC67009ACF1F /* articles_list.json */,
			);
			path = "Mock Json";
			sourceTree = "<group>";
		};
		28B78CAE297DD249009ACF1F /* View */ = {
			isa = PBXGroup;
			children = (
				28B78CC1297F1363009ACF1F /* ViewModelFactory.swift */,
				28B78CC3297F1449009ACF1F /* General */,
				28B78CC0297F1342009ACF1F /* Articles List */,
			);
			path = View;
			sourceTree = "<group>";
		};
		28B78CB6297EDD5F009ACF1F /* API */ = {
			isa = PBXGroup;
			children = (
				287AC06D297D8AE50003A0B7 /* SDAPI.swift */,
				28B78CB7297EDD75009ACF1F /* SDAPI+ArticlesList.swift */,
			);
			path = API;
			sourceTree = "<group>";
		};
		28B78CBD297EF64D009ACF1F /* Definitions */ = {
			isa = PBXGroup;
			children = (
				28B78CBE297EF65C009ACF1F /* HTTPStatusCode.swift */,
			);
			path = Definitions;
			sourceTree = "<group>";
		};
		28B78CC0297F1342009ACF1F /* Articles List */ = {
			isa = PBXGroup;
			children = (
				28DAB4DB297AE8E2007B75BA /* ArticlesListView.swift */,
				28B78CAF297DD268009ACF1F /* ArticlesListViewModel.swift */,
			);
			path = "Articles List";
			sourceTree = "<group>";
		};
		28B78CC3297F1449009ACF1F /* General */ = {
			isa = PBXGroup;
			children = (
				28B78CC4297F145B009ACF1F /* AlertViewModel.swift */,
				28B78CC6297F1464009ACF1F /* BaseViewModel.swift */,
			);
			path = General;
			sourceTree = "<group>";
		};
		28DAB4CD297AE8E2007B75BA = {
			isa = PBXGroup;
			children = (
				28DAB4D8297AE8E2007B75BA /* SportDemo */,
				28DAB4EA297AE8E4007B75BA /* SportDemoTests */,
				28DAB4F4297AE8E4007B75BA /* SportDemoUITests */,
				28DAB4D7297AE8E2007B75BA /* Products */,
			);
			sourceTree = "<group>";
		};
		28DAB4D7297AE8E2007B75BA /* Products */ = {
			isa = PBXGroup;
			children = (
				28DAB4D6297AE8E2007B75BA /* SportDemo.app */,
				28DAB4E7297AE8E4007B75BA /* SportDemoTests.xctest */,
				28DAB4F1297AE8E4007B75BA /* SportDemoUITests.xctest */,
			);
			name = Products;
			sourceTree = "<group>";
		};
		28DAB4D8297AE8E2007B75BA /* SportDemo */ = {
			isa = PBXGroup;
			children = (
				28DAB4D9297AE8E2007B75BA /* SportDemoApp.swift */,
				28DAB4DD297AE8E3007B75BA /* Assets.xcassets */,
				28DAB4DF297AE8E3007B75BA /* SportDemo.entitlements */,
				28DAB4E0297AE8E3007B75BA /* Preview Content */,
				28B78CAE297DD249009ACF1F /* View */,
				287AC067297D88EE0003A0B7 /* Data Layer */,
				287AC071297DA0A60003A0B7 /* Error Handling */,
				28B78CBD297EF64D009ACF1F /* Definitions */,
				287AC074297DA1310003A0B7 /* Utility */,
			);
			path = SportDemo;
			sourceTree = "<group>";
		};
		28DAB4E0297AE8E3007B75BA /* Preview Content */ = {
			isa = PBXGroup;
			children = (
				28DAB4E1297AE8E3007B75BA /* Preview Assets.xcassets */,
			);
			path = "Preview Content";
			sourceTree = "<group>";
		};
		28DAB4EA297AE8E4007B75BA /* SportDemoTests */ = {
			isa = PBXGroup;
			children = (
				28DAB4EB297AE8E4007B75BA /* SportDemoTests.swift */,
				28B78CAA297DBE98009ACF1F /* ApiTest.swift */,
			);
			path = SportDemoTests;
			sourceTree = "<group>";
		};
		28DAB4F4297AE8E4007B75BA /* SportDemoUITests */ = {
			isa = PBXGroup;
			children = (
				28DAB4F5297AE8E4007B75BA /* SportDemoUITests.swift */,
				28DAB4F7297AE8E4007B75BA /* SportDemoUITestsLaunchTests.swift */,
			);
			path = SportDemoUITests;
			sourceTree = "<group>";
		};
/* End PBXGroup section */

/* Begin PBXNativeTarget section */
		28DAB4D5297AE8E2007B75BA /* SportDemo */ = {
			isa = PBXNativeTarget;
			buildConfigurationList = 28DAB4FB297AE8E4007B75BA /* Build configuration list for PBXNativeTarget "SportDemo" */;
			buildPhases = (
				28DAB4D2297AE8E2007B75BA /* Sources */,
				28DAB4D3297AE8E2007B75BA /* Frameworks */,
				28DAB4D4297AE8E2007B75BA /* Resources */,
			);
			buildRules = (
			);
			dependencies = (
			);
			name = SportDemo;
			productName = SportDemo;
			productReference = 28DAB4D6297AE8E2007B75BA /* SportDemo.app */;
			productType = "com.apple.product-type.application";
		};
		28DAB4E6297AE8E4007B75BA /* SportDemoTests */ = {
			isa = PBXNativeTarget;
			buildConfigurationList = 28DAB4FE297AE8E4007B75BA /* Build configuration list for PBXNativeTarget "SportDemoTests" */;
			buildPhases = (
				28DAB4E3297AE8E4007B75BA /* Sources */,
				28DAB4E4297AE8E4007B75BA /* Frameworks */,
				28DAB4E5297AE8E4007B75BA /* Resources */,
			);
			buildRules = (
			);
			dependencies = (
				28DAB4E9297AE8E4007B75BA /* PBXTargetDependency */,
			);
			name = SportDemoTests;
			productName = SportDemoTests;
			productReference = 28DAB4E7297AE8E4007B75BA /* SportDemoTests.xctest */;
			productType = "com.apple.product-type.bundle.unit-test";
		};
		28DAB4F0297AE8E4007B75BA /* SportDemoUITests */ = {
			isa = PBXNativeTarget;
			buildConfigurationList = 28DAB501297AE8E4007B75BA /* Build configuration list for PBXNativeTarget "SportDemoUITests" */;
			buildPhases = (
				28DAB4ED297AE8E4007B75BA /* Sources */,
				28DAB4EE297AE8E4007B75BA /* Frameworks */,
				28DAB4EF297AE8E4007B75BA /* Resources */,
			);
			buildRules = (
			);
			dependencies = (
				28DAB4F3297AE8E4007B75BA /* PBXTargetDependency */,
			);
			name = SportDemoUITests;
			productName = SportDemoUITests;
			productReference = 28DAB4F1297AE8E4007B75BA /* SportDemoUITests.xctest */;
			productType = "com.apple.product-type.bundle.ui-testing";
		};
/* End PBXNativeTarget section */

/* Begin PBXProject section */
		28DAB4CE297AE8E2007B75BA /* Project object */ = {
			isa = PBXProject;
			attributes = {
				BuildIndependentTargetsInParallel = 1;
				LastSwiftUpdateCheck = 1420;
				LastUpgradeCheck = 1420;
				TargetAttributes = {
					28DAB4D5297AE8E2007B75BA = {
						CreatedOnToolsVersion = 14.2;
					};
					28DAB4E6297AE8E4007B75BA = {
						CreatedOnToolsVersion = 14.2;
						TestTargetID = 28DAB4D5297AE8E2007B75BA;
					};
					28DAB4F0297AE8E4007B75BA = {
						CreatedOnToolsVersion = 14.2;
						TestTargetID = 28DAB4D5297AE8E2007B75BA;
					};
				};
			};
			buildConfigurationList = 28DAB4D1297AE8E2007B75BA /* Build configuration list for PBXProject "SportDemo" */;
			compatibilityVersion = "Xcode 14.0";
			developmentRegion = en;
			hasScannedForEncodings = 0;
			knownRegions = (
				en,
				Base,
			);
			mainGroup = 28DAB4CD297AE8E2007B75BA;
			productRefGroup = 28DAB4D7297AE8E2007B75BA /* Products */;
			projectDirPath = "";
			projectRoot = "";
			targets = (
				28DAB4D5297AE8E2007B75BA /* SportDemo */,
				28DAB4E6297AE8E4007B75BA /* SportDemoTests */,
				28DAB4F0297AE8E4007B75BA /* SportDemoUITests */,
			);
		};
/* End PBXProject section */

/* Begin PBXResourcesBuildPhase section */
		28DAB4D4297AE8E2007B75BA /* Resources */ = {
			isa = PBXResourcesBuildPhase;
			buildActionMask = 2147483647;
			files = (
				28DAB4E2297AE8E3007B75BA /* Preview Assets.xcassets in Resources */,
				28DAB4DE297AE8E3007B75BA /* Assets.xcassets in Resources */,
				28B78CA9297DBC67009ACF1F /* articles_list.json in Resources */,
			);
			runOnlyForDeploymentPostprocessing = 0;
		};
		28DAB4E5297AE8E4007B75BA /* Resources */ = {
			isa = PBXResourcesBuildPhase;
			buildActionMask = 2147483647;
			files = (
			);
			runOnlyForDeploymentPostprocessing = 0;
		};
		28DAB4EF297AE8E4007B75BA /* Resources */ = {
			isa = PBXResourcesBuildPhase;
			buildActionMask = 2147483647;
			files = (
			);
			runOnlyForDeploymentPostprocessing = 0;
		};
/* End PBXResourcesBuildPhase section */

/* Begin PBXSourcesBuildPhase section */
		28DAB4D2297AE8E2007B75BA /* Sources */ = {
			isa = PBXSourcesBuildPhase;
			buildActionMask = 2147483647;
			files = (
				28B78CA6297DBBED009ACF1F /* JsonHelper.swift in Sources */,
				28B78CC2297F1363009ACF1F /* ViewModelFactory.swift in Sources */,
				28B78CBA297EF5C7009ACF1F /* APIClient.swift in Sources */,
				28B78CC5297F145B009ACF1F /* AlertViewModel.swift in Sources */,
				287AC076297DA13D0003A0B7 /* SDStrings.swift in Sources */,
				28B78CA4297DBB53009ACF1F /* MockAPIClient.swift in Sources */,
				28B78CB0297DD268009ACF1F /* ArticlesListViewModel.swift in Sources */,
				28B78CB5297ED83F009ACF1F /* UnexpectedCodePath.swift in Sources */,
				28DAB4DC297AE8E2007B75BA /* ArticlesListView.swift in Sources */,
				28B78CCB297F30C4009ACF1F /* AcessibilityIdentifiers.swift in Sources */,
				287AC078297DA1FC0003A0B7 /* SDError+API.swift in Sources */,
				28B78CC9297F1491009ACF1F /* ErrorLogger.swift in Sources */,
				28DAB4DA297AE8E2007B75BA /* SportDemoApp.swift in Sources */,
				28B78CBC297EF5FF009ACF1F /* APIClient+ErrorMapping.swift in Sources */,
				28B78CB3297DF659009ACF1F /* DateFormats.swift in Sources */,
				287AC069297D89970003A0B7 /* Article.swift in Sources */,
				28B78CC7297F1464009ACF1F /* BaseViewModel.swift in Sources */,
				28B78CB8297EDD75009ACF1F /* SDAPI+ArticlesList.swift in Sources */,
				287AC073297DA0F30003A0B7 /* SDError.swift in Sources */,
				28B78CBF297EF65C009ACF1F /* HTTPStatusCode.swift in Sources */,
				287AC06E297D8AE50003A0B7 /* SDAPI.swift in Sources */,
			);
			runOnlyForDeploymentPostprocessing = 0;
		};
		28DAB4E3297AE8E4007B75BA /* Sources */ = {
			isa = PBXSourcesBuildPhase;
			buildActionMask = 2147483647;
			files = (
				28B78CAB297DBE98009ACF1F /* ApiTest.swift in Sources */,
				28DAB4EC297AE8E4007B75BA /* SportDemoTests.swift in Sources */,
			);
			runOnlyForDeploymentPostprocessing = 0;
		};
		28DAB4ED297AE8E4007B75BA /* Sources */ = {
			isa = PBXSourcesBuildPhase;
			buildActionMask = 2147483647;
			files = (
				28DAB4F8297AE8E4007B75BA /* SportDemoUITestsLaunchTests.swift in Sources */,
				28DAB4F6297AE8E4007B75BA /* SportDemoUITests.swift in Sources */,
			);
			runOnlyForDeploymentPostprocessing = 0;
		};
/* End PBXSourcesBuildPhase section */

/* Begin PBXTargetDependency section */
		28DAB4E9297AE8E4007B75BA /* PBXTargetDependency */ = {
			isa = PBXTargetDependency;
			target = 28DAB4D5297AE8E2007B75BA /* SportDemo */;
			targetProxy = 28DAB4E8297AE8E4007B75BA /* PBXContainerItemProxy */;
		};
		28DAB4F3297AE8E4007B75BA /* PBXTargetDependency */ = {
			isa = PBXTargetDependency;
			target = 28DAB4D5297AE8E2007B75BA /* SportDemo */;
			targetProxy = 28DAB4F2297AE8E4007B75BA /* PBXContainerItemProxy */;
		};
/* End PBXTargetDependency section */

/* Begin XCBuildConfiguration section */
		28DAB4F9297AE8E4007B75BA /* Debug */ = {
			isa = XCBuildConfiguration;
			buildSettings = {
				ALWAYS_SEARCH_USER_PATHS = NO;
				CLANG_ANALYZER_NONNULL = YES;
				CLANG_ANALYZER_NUMBER_OBJECT_CONVERSION = YES_AGGRESSIVE;
				CLANG_CXX_LANGUAGE_STANDARD = "gnu++20";
				CLANG_ENABLE_MODULES = YES;
				CLANG_ENABLE_OBJC_ARC = YES;
				CLANG_ENABLE_OBJC_WEAK = YES;
				CLANG_WARN_BLOCK_CAPTURE_AUTORELEASING = YES;
				CLANG_WARN_BOOL_CONVERSION = YES;
				CLANG_WARN_COMMA = YES;
				CLANG_WARN_CONSTANT_CONVERSION = YES;
				CLANG_WARN_DEPRECATED_OBJC_IMPLEMENTATIONS = YES;
				CLANG_WARN_DIRECT_OBJC_ISA_USAGE = YES_ERROR;
				CLANG_WARN_DOCUMENTATION_COMMENTS = YES;
				CLANG_WARN_EMPTY_BODY = YES;
				CLANG_WARN_ENUM_CONVERSION = YES;
				CLANG_WARN_INFINITE_RECURSION = YES;
				CLANG_WARN_INT_CONVERSION = YES;
				CLANG_WARN_NON_LITERAL_NULL_CONVERSION = YES;
				CLANG_WARN_OBJC_IMPLICIT_RETAIN_SELF = YES;
				CLANG_WARN_OBJC_LITERAL_CONVERSION = YES;
				CLANG_WARN_OBJC_ROOT_CLASS = YES_ERROR;
				CLANG_WARN_QUOTED_INCLUDE_IN_FRAMEWORK_HEADER = YES;
				CLANG_WARN_RANGE_LOOP_ANALYSIS = YES;
				CLANG_WARN_STRICT_PROTOTYPES = YES;
				CLANG_WARN_SUSPICIOUS_MOVE = YES;
				CLANG_WARN_UNGUARDED_AVAILABILITY = YES_AGGRESSIVE;
				CLANG_WARN_UNREACHABLE_CODE = YES;
				CLANG_WARN__DUPLICATE_METHOD_MATCH = YES;
				COPY_PHASE_STRIP = NO;
				DEBUG_INFORMATION_FORMAT = dwarf;
				ENABLE_STRICT_OBJC_MSGSEND = YES;
				ENABLE_TESTABILITY = YES;
				GCC_C_LANGUAGE_STANDARD = gnu11;
				GCC_DYNAMIC_NO_PIC = NO;
				GCC_NO_COMMON_BLOCKS = YES;
				GCC_OPTIMIZATION_LEVEL = 0;
				GCC_PREPROCESSOR_DEFINITIONS = (
					"DEBUG=1",
					"$(inherited)",
				);
				GCC_WARN_64_TO_32_BIT_CONVERSION = YES;
				GCC_WARN_ABOUT_RETURN_TYPE = YES_ERROR;
				GCC_WARN_UNDECLARED_SELECTOR = YES;
				GCC_WARN_UNINITIALIZED_AUTOS = YES_AGGRESSIVE;
				GCC_WARN_UNUSED_FUNCTION = YES;
				GCC_WARN_UNUSED_VARIABLE = YES;
				MTL_ENABLE_DEBUG_INFO = INCLUDE_SOURCE;
				MTL_FAST_MATH = YES;
				ONLY_ACTIVE_ARCH = YES;
				SWIFT_ACTIVE_COMPILATION_CONDITIONS = DEBUG;
				SWIFT_OPTIMIZATION_LEVEL = "-Onone";
			};
			name = Debug;
		};
		28DAB4FA297AE8E4007B75BA /* Release */ = {
			isa = XCBuildConfiguration;
			buildSettings = {
				ALWAYS_SEARCH_USER_PATHS = NO;
				CLANG_ANALYZER_NONNULL = YES;
				CLANG_ANALYZER_NUMBER_OBJECT_CONVERSION = YES_AGGRESSIVE;
				CLANG_CXX_LANGUAGE_STANDARD = "gnu++20";
				CLANG_ENABLE_MODULES = YES;
				CLANG_ENABLE_OBJC_ARC = YES;
				CLANG_ENABLE_OBJC_WEAK = YES;
				CLANG_WARN_BLOCK_CAPTURE_AUTORELEASING = YES;
				CLANG_WARN_BOOL_CONVERSION = YES;
				CLANG_WARN_COMMA = YES;
				CLANG_WARN_CONSTANT_CONVERSION = YES;
				CLANG_WARN_DEPRECATED_OBJC_IMPLEMENTATIONS = YES;
				CLANG_WARN_DIRECT_OBJC_ISA_USAGE = YES_ERROR;
				CLANG_WARN_DOCUMENTATION_COMMENTS = YES;
				CLANG_WARN_EMPTY_BODY = YES;
				CLANG_WARN_ENUM_CONVERSION = YES;
				CLANG_WARN_INFINITE_RECURSION = YES;
				CLANG_WARN_INT_CONVERSION = YES;
				CLANG_WARN_NON_LITERAL_NULL_CONVERSION = YES;
				CLANG_WARN_OBJC_IMPLICIT_RETAIN_SELF = YES;
				CLANG_WARN_OBJC_LITERAL_CONVERSION = YES;
				CLANG_WARN_OBJC_ROOT_CLASS = YES_ERROR;
				CLANG_WARN_QUOTED_INCLUDE_IN_FRAMEWORK_HEADER = YES;
				CLANG_WARN_RANGE_LOOP_ANALYSIS = YES;
				CLANG_WARN_STRICT_PROTOTYPES = YES;
				CLANG_WARN_SUSPICIOUS_MOVE = YES;
				CLANG_WARN_UNGUARDED_AVAILABILITY = YES_AGGRESSIVE;
				CLANG_WARN_UNREACHABLE_CODE = YES;
				CLANG_WARN__DUPLICATE_METHOD_MATCH = YES;
				COPY_PHASE_STRIP = NO;
				DEBUG_INFORMATION_FORMAT = "dwarf-with-dsym";
				ENABLE_NS_ASSERTIONS = NO;
				ENABLE_STRICT_OBJC_MSGSEND = YES;
				GCC_C_LANGUAGE_STANDARD = gnu11;
				GCC_NO_COMMON_BLOCKS = YES;
				GCC_WARN_64_TO_32_BIT_CONVERSION = YES;
				GCC_WARN_ABOUT_RETURN_TYPE = YES_ERROR;
				GCC_WARN_UNDECLARED_SELECTOR = YES;
				GCC_WARN_UNINITIALIZED_AUTOS = YES_AGGRESSIVE;
				GCC_WARN_UNUSED_FUNCTION = YES;
				GCC_WARN_UNUSED_VARIABLE = YES;
				MTL_ENABLE_DEBUG_INFO = NO;
				MTL_FAST_MATH = YES;
				SWIFT_COMPILATION_MODE = wholemodule;
				SWIFT_OPTIMIZATION_LEVEL = "-O";
			};
			name = Release;
		};
		28DAB4FC297AE8E4007B75BA /* Debug */ = {
			isa = XCBuildConfiguration;
			buildSettings = {
				ASSETCATALOG_COMPILER_APPICON_NAME = AppIcon;
				ASSETCATALOG_COMPILER_GLOBAL_ACCENT_COLOR_NAME = AccentColor;
				CODE_SIGN_ENTITLEMENTS = SportDemo/SportDemo.entitlements;
				CODE_SIGN_STYLE = Automatic;
				CURRENT_PROJECT_VERSION = 1;
				DEVELOPMENT_ASSET_PATHS = "\"SportDemo/Preview Content\"";
				DEVELOPMENT_TEAM = QNMYS92JJY;
				ENABLE_HARDENED_RUNTIME = YES;
				ENABLE_PREVIEWS = YES;
				GENERATE_INFOPLIST_FILE = YES;
				"INFOPLIST_KEY_UIApplicationSceneManifest_Generation[sdk=iphoneos*]" = YES;
				"INFOPLIST_KEY_UIApplicationSceneManifest_Generation[sdk=iphonesimulator*]" = YES;
				"INFOPLIST_KEY_UIApplicationSupportsIndirectInputEvents[sdk=iphoneos*]" = YES;
				"INFOPLIST_KEY_UIApplicationSupportsIndirectInputEvents[sdk=iphonesimulator*]" = YES;
				"INFOPLIST_KEY_UILaunchScreen_Generation[sdk=iphoneos*]" = YES;
				"INFOPLIST_KEY_UILaunchScreen_Generation[sdk=iphonesimulator*]" = YES;
				"INFOPLIST_KEY_UIStatusBarStyle[sdk=iphoneos*]" = UIStatusBarStyleDefault;
				"INFOPLIST_KEY_UIStatusBarStyle[sdk=iphonesimulator*]" = UIStatusBarStyleDefault;
				INFOPLIST_KEY_UISupportedInterfaceOrientations_iPad = "UIInterfaceOrientationPortrait UIInterfaceOrientationPortraitUpsideDown UIInterfaceOrientationLandscapeLeft UIInterfaceOrientationLandscapeRight";
				INFOPLIST_KEY_UISupportedInterfaceOrientations_iPhone = "UIInterfaceOrientationPortrait UIInterfaceOrientationLandscapeLeft UIInterfaceOrientationLandscapeRight";
				IPHONEOS_DEPLOYMENT_TARGET = 16.2;
				LD_RUNPATH_SEARCH_PATHS = "@executable_path/Frameworks";
				"LD_RUNPATH_SEARCH_PATHS[sdk=macosx*]" = "@executable_path/../Frameworks";
				MACOSX_DEPLOYMENT_TARGET = 12.6;
				MARKETING_VERSION = 1.0;
				PRODUCT_BUNDLE_IDENTIFIER = com.skimov.SportDemo;
				PRODUCT_NAME = "$(TARGET_NAME)";
				SDKROOT = auto;
				SUPPORTED_PLATFORMS = "iphoneos iphonesimulator macosx";
				SWIFT_EMIT_LOC_STRINGS = YES;
				SWIFT_VERSION = 5.0;
				TARGETED_DEVICE_FAMILY = "1,2";
			};
			name = Debug;
		};
		28DAB4FD297AE8E4007B75BA /* Release */ = {
			isa = XCBuildConfiguration;
			buildSettings = {
				ASSETCATALOG_COMPILER_APPICON_NAME = AppIcon;
				ASSETCATALOG_COMPILER_GLOBAL_ACCENT_COLOR_NAME = AccentColor;
				CODE_SIGN_ENTITLEMENTS = SportDemo/SportDemo.entitlements;
				CODE_SIGN_STYLE = Automatic;
				CURRENT_PROJECT_VERSION = 1;
				DEVELOPMENT_ASSET_PATHS = "\"SportDemo/Preview Content\"";
				DEVELOPMENT_TEAM = QNMYS92JJY;
				ENABLE_HARDENED_RUNTIME = YES;
				ENABLE_PREVIEWS = YES;
				GENERATE_INFOPLIST_FILE = YES;
				"INFOPLIST_KEY_UIApplicationSceneManifest_Generation[sdk=iphoneos*]" = YES;
				"INFOPLIST_KEY_UIApplicationSceneManifest_Generation[sdk=iphonesimulator*]" = YES;
				"INFOPLIST_KEY_UIApplicationSupportsIndirectInputEvents[sdk=iphoneos*]" = YES;
				"INFOPLIST_KEY_UIApplicationSupportsIndirectInputEvents[sdk=iphonesimulator*]" = YES;
				"INFOPLIST_KEY_UILaunchScreen_Generation[sdk=iphoneos*]" = YES;
				"INFOPLIST_KEY_UILaunchScreen_Generation[sdk=iphonesimulator*]" = YES;
				"INFOPLIST_KEY_UIStatusBarStyle[sdk=iphoneos*]" = UIStatusBarStyleDefault;
				"INFOPLIST_KEY_UIStatusBarStyle[sdk=iphonesimulator*]" = UIStatusBarStyleDefault;
				INFOPLIST_KEY_UISupportedInterfaceOrientations_iPad = "UIInterfaceOrientationPortrait UIInterfaceOrientationPortraitUpsideDown UIInterfaceOrientationLandscapeLeft UIInterfaceOrientationLandscapeRight";
				INFOPLIST_KEY_UISupportedInterfaceOrientations_iPhone = "UIInterfaceOrientationPortrait UIInterfaceOrientationLandscapeLeft UIInterfaceOrientationLandscapeRight";
				IPHONEOS_DEPLOYMENT_TARGET = 16.2;
				LD_RUNPATH_SEARCH_PATHS = "@executable_path/Frameworks";
				"LD_RUNPATH_SEARCH_PATHS[sdk=macosx*]" = "@executable_path/../Frameworks";
				MACOSX_DEPLOYMENT_TARGET = 12.6;
				MARKETING_VERSION = 1.0;
				PRODUCT_BUNDLE_IDENTIFIER = com.skimov.SportDemo;
				PRODUCT_NAME = "$(TARGET_NAME)";
				SDKROOT = auto;
				SUPPORTED_PLATFORMS = "iphoneos iphonesimulator macosx";
				SWIFT_EMIT_LOC_STRINGS = YES;
				SWIFT_VERSION = 5.0;
				TARGETED_DEVICE_FAMILY = "1,2";
			};
			name = Release;
		};
		28DAB4FF297AE8E4007B75BA /* Debug */ = {
			isa = XCBuildConfiguration;
			buildSettings = {
				ALWAYS_EMBED_SWIFT_STANDARD_LIBRARIES = YES;
				BUNDLE_LOADER = "$(TEST_HOST)";
				CODE_SIGN_STYLE = Automatic;
				CURRENT_PROJECT_VERSION = 1;
				DEVELOPMENT_TEAM = QNMYS92JJY;
				GENERATE_INFOPLIST_FILE = YES;
				IPHONEOS_DEPLOYMENT_TARGET = 16.2;
				MACOSX_DEPLOYMENT_TARGET = 12.6;
				MARKETING_VERSION = 1.0;
				PRODUCT_BUNDLE_IDENTIFIER = com.skimov.SportDemoTests;
				PRODUCT_NAME = "$(TARGET_NAME)";
				SDKROOT = auto;
				SUPPORTED_PLATFORMS = "iphoneos iphonesimulator macosx";
				SWIFT_EMIT_LOC_STRINGS = NO;
				SWIFT_VERSION = 5.0;
				TARGETED_DEVICE_FAMILY = "1,2";
				TEST_HOST = "$(BUILT_PRODUCTS_DIR)/SportDemo.app/$(BUNDLE_EXECUTABLE_FOLDER_PATH)/SportDemo";
			};
			name = Debug;
		};
		28DAB500297AE8E4007B75BA /* Release */ = {
			isa = XCBuildConfiguration;
			buildSettings = {
				ALWAYS_EMBED_SWIFT_STANDARD_LIBRARIES = YES;
				BUNDLE_LOADER = "$(TEST_HOST)";
				CODE_SIGN_STYLE = Automatic;
				CURRENT_PROJECT_VERSION = 1;
				DEVELOPMENT_TEAM = QNMYS92JJY;
				GENERATE_INFOPLIST_FILE = YES;
				IPHONEOS_DEPLOYMENT_TARGET = 16.2;
				MACOSX_DEPLOYMENT_TARGET = 12.6;
				MARKETING_VERSION = 1.0;
				PRODUCT_BUNDLE_IDENTIFIER = com.skimov.SportDemoTests;
				PRODUCT_NAME = "$(TARGET_NAME)";
				SDKROOT = auto;
				SUPPORTED_PLATFORMS = "iphoneos iphonesimulator macosx";
				SWIFT_EMIT_LOC_STRINGS = NO;
				SWIFT_VERSION = 5.0;
				TARGETED_DEVICE_FAMILY = "1,2";
				TEST_HOST = "$(BUILT_PRODUCTS_DIR)/SportDemo.app/$(BUNDLE_EXECUTABLE_FOLDER_PATH)/SportDemo";
			};
			name = Release;
		};
		28DAB502297AE8E4007B75BA /* Debug */ = {
			isa = XCBuildConfiguration;
			buildSettings = {
				ALWAYS_EMBED_SWIFT_STANDARD_LIBRARIES = YES;
				CODE_SIGN_STYLE = Automatic;
				CURRENT_PROJECT_VERSION = 1;
				DEVELOPMENT_TEAM = QNMYS92JJY;
				GENERATE_INFOPLIST_FILE = YES;
				IPHONEOS_DEPLOYMENT_TARGET = 16.2;
				MACOSX_DEPLOYMENT_TARGET = 12.6;
				MARKETING_VERSION = 1.0;
				PRODUCT_BUNDLE_IDENTIFIER = com.skimov.SportDemoUITests;
				PRODUCT_NAME = "$(TARGET_NAME)";
				SDKROOT = auto;
				SUPPORTED_PLATFORMS = "iphoneos iphonesimulator macosx";
				SWIFT_EMIT_LOC_STRINGS = NO;
				SWIFT_VERSION = 5.0;
				TARGETED_DEVICE_FAMILY = "1,2";
				TEST_TARGET_NAME = SportDemo;
			};
			name = Debug;
		};
		28DAB503297AE8E4007B75BA /* Release */ = {
			isa = XCBuildConfiguration;
			buildSettings = {
				ALWAYS_EMBED_SWIFT_STANDARD_LIBRARIES = YES;
				CODE_SIGN_STYLE = Automatic;
				CURRENT_PROJECT_VERSION = 1;
				DEVELOPMENT_TEAM = QNMYS92JJY;
				GENERATE_INFOPLIST_FILE = YES;
				IPHONEOS_DEPLOYMENT_TARGET = 16.2;
				MACOSX_DEPLOYMENT_TARGET = 12.6;
				MARKETING_VERSION = 1.0;
				PRODUCT_BUNDLE_IDENTIFIER = com.skimov.SportDemoUITests;
				PRODUCT_NAME = "$(TARGET_NAME)";
				SDKROOT = auto;
				SUPPORTED_PLATFORMS = "iphoneos iphonesimulator macosx";
				SWIFT_EMIT_LOC_STRINGS = NO;
				SWIFT_VERSION = 5.0;
				TARGETED_DEVICE_FAMILY = "1,2";
				TEST_TARGET_NAME = SportDemo;
			};
			name = Release;
		};
/* End XCBuildConfiguration section */

/* Begin XCConfigurationList section */
		28DAB4D1297AE8E2007B75BA /* Build configuration list for PBXProject "SportDemo" */ = {
			isa = XCConfigurationList;
			buildConfigurations = (
				28DAB4F9297AE8E4007B75BA /* Debug */,
				28DAB4FA297AE8E4007B75BA /* Release */,
			);
			defaultConfigurationIsVisible = 0;
			defaultConfigurationName = Release;
		};
		28DAB4FB297AE8E4007B75BA /* Build configuration list for PBXNativeTarget "SportDemo" */ = {
			isa = XCConfigurationList;
			buildConfigurations = (
				28DAB4FC297AE8E4007B75BA /* Debug */,
				28DAB4FD297AE8E4007B75BA /* Release */,
			);
			defaultConfigurationIsVisible = 0;
			defaultConfigurationName = Release;
		};
		28DAB4FE297AE8E4007B75BA /* Build configuration list for PBXNativeTarget "SportDemoTests" */ = {
			isa = XCConfigurationList;
			buildConfigurations = (
				28DAB4FF297AE8E4007B75BA /* Debug */,
				28DAB500297AE8E4007B75BA /* Release */,
			);
			defaultConfigurationIsVisible = 0;
			defaultConfigurationName = Release;
		};
		28DAB501297AE8E4007B75BA /* Build configuration list for PBXNativeTarget "SportDemoUITests" */ = {
			isa = XCConfigurationList;
			buildConfigurations = (
				28DAB502297AE8E4007B75BA /* Debug */,
				28DAB503297AE8E4007B75BA /* Release */,
			);
			defaultConfigurationIsVisible = 0;
			defaultConfigurationName = Release;
		};
/* End XCConfigurationList section */
	};
	rootObject = 28DAB4CE297AE8E2007B75BA /* Project object */;
}
